
Microsoft Visual Studio Solution File, Format Version 12.00
# Visual Studio 2013
VisualStudioVersion = 12.0.31101.0
MinimumVisualStudioVersion = 10.0.40219.1
Project("{FAE04EC0-301F-11D3-BF4B-00C04F79EFBC}") = "StoreApp", "StoreApp\StoreApp.csproj", "{3B0506E2-45B8-4607-A788-FBF1D9D9A69A}"
EndProject
Project("{2150E333-8FDC-42A3-9474-1A3956D46DE8}") = "Core", "Core", "{647CA8EA-9626-4FFB-A468-0A4D698B773B}"
EndProject
Project("{2150E333-8FDC-42A3-9474-1A3956D46DE8}") = "Foundation", "Foundation", "{9B199566-6B34-437A-AE3A-EDC80B0A602C}"
EndProject
Project("{FAE04EC0-301F-11D3-BF4B-00C04F79EFBC}") = "StoreApp.Core", "StoreApp.Core\StoreApp.Core.csproj", "{FB12C1EA-4FAF-4BF4-B57C-48580C57EAAE}"
EndProject
Project("{FAE04EC0-301F-11D3-BF4B-00C04F79EFBC}") = "StoreApp.Core.Views", "StoreApp.Core.Views\StoreApp.Core.Views.csproj", "{51F014E0-636C-4F6D-9B4C-8E41D5CF200E}"
EndProject
Project("{FAE04EC0-301F-11D3-BF4B-00C04F79EFBC}") = "StoreApp.Core.DataAccess", "StoreApp.Core.DataAccess\StoreApp.Core.DataAccess.csproj", "{D7747D70-99A8-4B9E-9B17-FAFB2827927A}"
EndProject
Project("{FAE04EC0-301F-11D3-BF4B-00C04F79EFBC}") = "StoreApp.Foundation.Views", "StoreApp.Foundation.Views\StoreApp.Foundation.Views.csproj", "{E628083F-3CC8-4331-AF6C-536B4857B64B}"
EndProject
Project("{FAE04EC0-301F-11D3-BF4B-00C04F79EFBC}") = "StoreApp.Foundation", "StoreApp.Foundation\StoreApp.Foundation.csproj", "{CC9B294B-B996-4AA9-9E88-BC31E37C9CB0}"
EndProject
Project("{FAE04EC0-301F-11D3-BF4B-00C04F79EFBC}") = "StoreApp.Foundation.DataAccess", "StoreApp.Foundation.DataAccess\StoreApp.Foundation.DataAccess.csproj", "{A1C798DA-4A13-4F5A-9BBE-DDFA5C21B1A6}"
EndProject
Project("{FAE04EC0-301F-11D3-BF4B-00C04F79EFBC}") = "StoreApp.Core.Autofac", "StoreApp.Core.Autofac\StoreApp.Core.Autofac.csproj", "{2CED8331-561B-4B35-B4AC-37D2154EC981}"
EndProject
Project("{2150E333-8FDC-42A3-9474-1A3956D46DE8}") = "Autofac", "Autofac", "{A8404201-9CC0-44A1-ADC7-76F789E207FC}"
EndProject
Project("{FAE04EC0-301F-11D3-BF4B-00C04F79EFBC}") = "StoreApp.Core.Views.Autofac", "StoreApp.Core.Views.Autofac\StoreApp.Core.Views.Autofac.csproj", "{D0C9FC06-121A-4B0E-B8C0-CDF252A02E90}"
EndProject
Project("{FAE04EC0-301F-11D3-BF4B-00C04F79EFBC}") = "StoreApp.Core.DataAccess.Autofac", "StoreApp.Core.DataAccess.Autofac\StoreApp.Core.DataAccess.Autofac.csproj", "{06448600-EDFF-4A88-8F0E-708B0976172F}"
EndProject
Global
	GlobalSection(SolutionConfigurationPlatforms) = preSolution
		Debug|Any CPU = Debug|Any CPU
		Release|Any CPU = Release|Any CPU
	EndGlobalSection
	GlobalSection(ProjectConfigurationPlatforms) = postSolution
		{3B0506E2-45B8-4607-A788-FBF1D9D9A69A}.Debug|Any CPU.ActiveCfg = Debug|Any CPU
		{3B0506E2-45B8-4607-A788-FBF1D9D9A69A}.Debug|Any CPU.Build.0 = Debug|Any CPU
		{3B0506E2-45B8-4607-A788-FBF1D9D9A69A}.Release|Any CPU.ActiveCfg = Release|Any CPU
		{3B0506E2-45B8-4607-A788-FBF1D9D9A69A}.Release|Any CPU.Build.0 = Release|Any CPU
		{FB12C1EA-4FAF-4BF4-B57C-48580C57EAAE}.Debug|Any CPU.ActiveCfg = Debug|Any CPU
		{FB12C1EA-4FAF-4BF4-B57C-48580C57EAAE}.Debug|Any CPU.Build.0 = Debug|Any CPU
		{FB12C1EA-4FAF-4BF4-B57C-48580C57EAAE}.Release|Any CPU.ActiveCfg = Release|Any CPU
		{FB12C1EA-4FAF-4BF4-B57C-48580C57EAAE}.Release|Any CPU.Build.0 = Release|Any CPU
		{51F014E0-636C-4F6D-9B4C-8E41D5CF200E}.Debug|Any CPU.ActiveCfg = Debug|Any CPU
		{51F014E0-636C-4F6D-9B4C-8E41D5CF200E}.Debug|Any CPU.Build.0 = Debug|Any CPU
		{51F014E0-636C-4F6D-9B4C-8E41D5CF200E}.Release|Any CPU.ActiveCfg = Release|Any CPU
		{51F014E0-636C-4F6D-9B4C-8E41D5CF200E}.Release|Any CPU.Build.0 = Release|Any CPU
		{D7747D70-99A8-4B9E-9B17-FAFB2827927A}.Debug|Any CPU.ActiveCfg = Debug|Any CPU
		{D7747D70-99A8-4B9E-9B17-FAFB2827927A}.Debug|Any CPU.Build.0 = Debug|Any CPU
		{D7747D70-99A8-4B9E-9B17-FAFB2827927A}.Release|Any CPU.ActiveCfg = Release|Any CPU
		{D7747D70-99A8-4B9E-9B17-FAFB2827927A}.Release|Any CPU.Build.0 = Release|Any CPU
		{E628083F-3CC8-4331-AF6C-536B4857B64B}.Debug|Any CPU.ActiveCfg = Debug|Any CPU
		{E628083F-3CC8-4331-AF6C-536B4857B64B}.Debug|Any CPU.Build.0 = Debug|Any CPU
		{E628083F-3CC8-4331-AF6C-536B4857B64B}.Release|Any CPU.ActiveCfg = Release|Any CPU
		{E628083F-3CC8-4331-AF6C-536B4857B64B}.Release|Any CPU.Build.0 = Release|Any CPU
		{CC9B294B-B996-4AA9-9E88-BC31E37C9CB0}.Debug|Any CPU.ActiveCfg = Debug|Any CPU
		{CC9B294B-B996-4AA9-9E88-BC31E37C9CB0}.Debug|Any CPU.Build.0 = Debug|Any CPU
		{CC9B294B-B996-4AA9-9E88-BC31E37C9CB0}.Release|Any CPU.ActiveCfg = Release|Any CPU
		{CC9B294B-B996-4AA9-9E88-BC31E37C9CB0}.Release|Any CPU.Build.0 = Release|Any CPU
		{A1C798DA-4A13-4F5A-9BBE-DDFA5C21B1A6}.Debug|Any CPU.ActiveCfg = Debug|Any CPU
		{A1C798DA-4A13-4F5A-9BBE-DDFA5C21B1A6}.Debug|Any CPU.Build.0 = Debug|Any CPU
		{A1C798DA-4A13-4F5A-9BBE-DDFA5C21B1A6}.Release|Any CPU.ActiveCfg = Release|Any CPU
		{A1C798DA-4A13-4F5A-9BBE-DDFA5C21B1A6}.Release|Any CPU.Build.0 = Release|Any CPU
		{2CED8331-561B-4B35-B4AC-37D2154EC981}.Debug|Any CPU.ActiveCfg = Debug|Any CPU
		{2CED8331-561B-4B35-B4AC-37D2154EC981}.Debug|Any CPU.Build.0 = Debug|Any CPU
		{2CED8331-561B-4B35-B4AC-37D2154EC981}.Release|Any CPU.ActiveCfg = Release|Any CPU
		{2CED8331-561B-4B35-B4AC-37D2154EC981}.Release|Any CPU.Build.0 = Release|Any CPU
		{D0C9FC06-121A-4B0E-B8C0-CDF252A02E90}.Debug|Any CPU.ActiveCfg = Debug|Any CPU
		{D0C9FC06-121A-4B0E-B8C0-CDF252A02E90}.Debug|Any CPU.Build.0 = Debug|Any CPU
		{D0C9FC06-121A-4B0E-B8C0-CDF252A02E90}.Release|Any CPU.ActiveCfg = Release|Any CPU
		{D0C9FC06-121A-4B0E-B8C0-CDF252A02E90}.Release|Any CPU.Build.0 = Release|Any CPU
		{06448600-EDFF-4A88-8F0E-708B0976172F}.Debug|Any CPU.ActiveCfg = Debug|Any CPU
		{06448600-EDFF-4A88-8F0E-708B0976172F}.Debug|Any CPU.Build.0 = Debug|Any CPU
		{06448600-EDFF-4A88-8F0E-708B0976172F}.Release|Any CPU.ActiveCfg = Release|Any CPU
		{06448600-EDFF-4A88-8F0E-708B0976172F}.Release|Any CPU.Build.0 = Release|Any CPU
	EndGlobalSection
	GlobalSection(SolutionProperties) = preSolution
		HideSolutionNode = FALSE
	EndGlobalSection
	GlobalSection(NestedProjects) = preSolution
		{FB12C1EA-4FAF-4BF4-B57C-48580C57EAAE} = {647CA8EA-9626-4FFB-A468-0A4D698B773B}
		{51F014E0-636C-4F6D-9B4C-8E41D5CF200E} = {647CA8EA-9626-4FFB-A468-0A4D698B773B}
		{D7747D70-99A8-4B9E-9B17-FAFB2827927A} = {647CA8EA-9626-4FFB-A468-0A4D698B773B}
		{E628083F-3CC8-4331-AF6C-536B4857B64B} = {9B199566-6B34-437A-AE3A-EDC80B0A602C}
		{CC9B294B-B996-4AA9-9E88-BC31E37C9CB0} = {9B199566-6B34-437A-AE3A-EDC80B0A602C}
		{A1C798DA-4A13-4F5A-9BBE-DDFA5C21B1A6} = {9B199566-6B34-437A-AE3A-EDC80B0A602C}
		{2CED8331-561B-4B35-B4AC-37D2154EC981} = {A8404201-9CC0-44A1-ADC7-76F789E207FC}
		{A8404201-9CC0-44A1-ADC7-76F789E207FC} = {647CA8EA-9626-4FFB-A468-0A4D698B773B}
		{D0C9FC06-121A-4B0E-B8C0-CDF252A02E90} = {A8404201-9CC0-44A1-ADC7-76F789E207FC}
		{06448600-EDFF-4A88-8F0E-708B0976172F} = {A8404201-9CC0-44A1-ADC7-76F789E207FC}
	EndGlobalSection
EndGlobal
